{
    "_readme": [
        "This file locks the dependencies of your project to a known state",
        "Read more about it at https://getcomposer.org/doc/01-basic-usage.md#installing-dependencies",
        "This file is @generated automatically"
    ],
    "content-hash": "9b00af14c071d9f2d24795afc811b778",
    "packages": [
        {
            "name": "eftec/bladeone",
            "version": "3.29",
            "source": {
                "type": "git",
                "url": "https://github.com/EFTEC/BladeOne.git",
                "reference": "b524da2cf9e049939522bf2a52924fb9167bd3a1"
            },
            "dist": {
                "type": "zip",
                "url": "https://api.github.com/repos/EFTEC/BladeOne/zipball/b524da2cf9e049939522bf2a52924fb9167bd3a1",
                "reference": "b524da2cf9e049939522bf2a52924fb9167bd3a1",
                "shasum": ""
            },
            "require": {
                "ext-json": "*",
                "php": ">=5.6"
            },
            "require-dev": {
                "friendsofphp/php-cs-fixer": "^2.11",
                "phpunit/phpunit": "^5.7",
                "squizlabs/php_codesniffer": "~3.3.2"
            },
            "suggest": {
                "ext-mbstring": "This extension is used if it's active"
            },
            "type": "library",
            "extra": {
                "branch-alias": {
                    "dev-master": "3.29-dev"
                }
            },
            "autoload": {
                "psr-4": {
                    "eftec\\bladeone\\": "lib/"
                }
            },
            "notification-url": "https://packagist.org/downloads/",
            "license": [
                "MIT"
            ],
            "authors": [
                {
                    "name": "Jorge Patricio Castro Castillo",
                    "email": "jcastro@eftec.cl"
                }
            ],
            "description": "The standalone version Blade Template Engine from Laravel in a single php file",
            "homepage": "https://github.com/EFTEC/BladeOne",
            "keywords": [
                "blade",
                "php",
                "template",
                "templating",
                "view"
            ],
            "time": "2019-06-08T20:52:24+00:00"
        },
        {
            "name": "latitude/latitude",
            "version": "3.3.0",
            "source": {
                "type": "git",
                "url": "https://github.com/shadowhand/latitude.git",
                "reference": "8f8e6e42f81cbbad44bf550405d7444da6f09dc5"
            },
            "dist": {
                "type": "zip",
                "url": "https://api.github.com/repos/shadowhand/latitude/zipball/8f8e6e42f81cbbad44bf550405d7444da6f09dc5",
                "reference": "8f8e6e42f81cbbad44bf550405d7444da6f09dc5",
                "shasum": ""
            },
            "require": {
                "php": ">=7.1"
            },
            "require-dev": {
                "eloquent/liberator": "^2.0",
                "hoa/devtools": "^1.17",
                "hoa/ruler": "2.17.05.16",
                "phpstan/phpstan": "^0.9.1",
                "phpunit/phpunit": "^6.0",
                "vimeo/psalm": "^0.3.88"
            },
            "suggest": {
                "hoa/ruler": "Adds support for creating criteria from strings"
            },
            "type": "library",
            "autoload": {
                "files": [
                    "src/functions.php"
                ],
                "psr-4": {
                    "Latitude\\QueryBuilder\\": "src/"
                }
            },
            "notification-url": "https://packagist.org/downloads/",
            "license": [
                "MIT"
            ],
            "authors": [
                {
                    "name": "Woody Gilk",
                    "email": "woody.gilk@gmail.com",
                    "homepage": "https://github.com/shadowhand"
                }
            ],
            "description": "A SQL query builder with zero dependencies",
            "time": "2019-02-04T14:25:02+00:00"
        },
        {
            "name": "simplyphp/framework",
            "version": "v1.2.6",
            "source": {
                "type": "git",
                "url": "https://github.com/jhayann/framework.git",
                "reference": "23fd2efee45aac0b9bb39d1319f16fbeec058040"
            },
            "dist": {
                "type": "zip",
                "url": "https://api.github.com/repos/jhayann/framework/zipball/23fd2efee45aac0b9bb39d1319f16fbeec058040",
                "reference": "23fd2efee45aac0b9bb39d1319f16fbeec058040",
                "shasum": ""
            },
            "require": {
                "eftec/bladeone": "3.29",
                "latitude/latitude": "^3.3"
            },
            "require-dev": {
                "phpunit/phpunit": "^7.5|^8.0"
            },
            "suggest": {
                "filp/whoops": "Install this to have a pretty page for error like laravel",
                "intervention/image": "To handle Image processing in this micro framework",
                "phpmailer/phpmailer": "For handling emails and provide extensible features",
                "wixel/gump": "For validations, You can try gump. https://github.com/Wixel/GUMP"
            },
            "type": "library",
            "autoload": {
                "files": [
                    "src/Simple/functions.php"
                ],
                "psr-4": {
                    "Simple\\": "src/Simple"
                }
            },
            "notification-url": "https://packagist.org/downloads/",
            "license": [
                "MIT"
            ],
            "authors": [
                {
                    "name": "Rey Jhon A. Baquirin",
                    "email": "reyjhonbaquirin@yahoo.com",
                    "role": "Creator"
                }
            ],
            "description": "The Simple PHP is lightweight web application framework.",
            "homepage": "https://gitlab.com/jhayann/simple",
            "keywords": [
                "framework",
                "simplephp"
            ],
            "time": "2019-06-12T04:26:49+00:00"
        }
    ],
    "packages-dev": [],
    "aliases": [],
    "minimum-stability": "stable",
    "stability-flags": [],
    "prefer-stable": false,
    "prefer-lowest": false,
    "platform": [],
    "platform-dev": []
}
